
Microsoft Visual Studio Solution File, Format Version 12.00
# Visual Studio Version 17
VisualStudioVersion = 17.3.32901.215
MinimumVisualStudioVersion = 10.0.40219.1
Project("{FAE04EC0-301F-11D3-BF4B-00C04F79EFBC}") = "WebApiEspera", "WebApiEspera\WebApiEspera.csproj", "{115C73E7-2837-4476-A1B1-8B425B408D09}"
EndProject
Global
	GlobalSection(SolutionConfigurationPlatforms) = preSolution
		Debug|Any CPU = Debug|Any CPU
		Release|Any CPU = Release|Any CPU
	EndGlobalSection
	GlobalSection(ProjectConfigurationPlatforms) = postSolution
		{115C73E7-2837-4476-A1B1-8B425B408D09}.Debug|Any CPU.ActiveCfg = Debug|Any CPU
		{115C73E7-2837-4476-A1B1-8B425B408D09}.Debug|Any CPU.Build.0 = Debug|Any CPU
		{115C73E7-2837-4476-A1B1-8B425B408D09}.Release|Any CPU.ActiveCfg = Release|Any CPU
		{115C73E7-2837-4476-A1B1-8B425B408D09}.Release|Any CPU.Build.0 = Release|Any CPU
	EndGlobalSection
	GlobalSection(SolutionProperties) = preSolution
		HideSolutionNode = FALSE
	EndGlobalSection
	GlobalSection(ExtensibilityGlobals) = postSolution
		SolutionGuid = {CE822031-3057-4274-8568-349970F40D74}
	EndGlobalSection
EndGlobal
